// !$*UTF8*$!
{
	archiveVersion = 1;
	classes = {
	};
	objectVersion = 52;
	objects = {

/* Begin PBXBuildFile section */
		01069748243D95F200874495 /* GameLaunchScene.swift in Sources */ = {isa = PBXBuildFile; fileRef = 01069747243D95F200874495 /* GameLaunchScene.swift */; };
		0106974B243D989500874495 /* GuanNanMahjongScene.swift in Sources */ = {isa = PBXBuildFile; fileRef = 0106974A243D989500874495 /* GuanNanMahjongScene.swift */; };
		0106974F243EE73300874495 /* MahjongTile.swift in Sources */ = {isa = PBXBuildFile; fileRef = 0106974E243EE73300874495 /* MahjongTile.swift */; };
		013F048E243F01FC000662A3 /* JKButtonNode.swift in Sources */ = {isa = PBXBuildFile; fileRef = 013F048D243F01FC000662A3 /* JKButtonNode.swift */; };
		016321042440129B00788C24 /* JKScene.swift in Sources */ = {isa = PBXBuildFile; fileRef = 016321032440129B00788C24 /* JKScene.swift */; };
		016321062440136700788C24 /* SKView+Extensions.swift in Sources */ = {isa = PBXBuildFile; fileRef = 016321052440136700788C24 /* SKView+Extensions.swift */; };
		01632108244015D400788C24 /* JKViewController.swift in Sources */ = {isa = PBXBuildFile; fileRef = 01632107244015D400788C24 /* JKViewController.swift */; };
		01B87628243D918300C56B83 /* GameHallScene.swift in Sources */ = {isa = PBXBuildFile; fileRef = 01B87627243D918300C56B83 /* GameHallScene.swift */; };
		01DA03FA242DF1CC00509DB3 /* AppDelegate.swift in Sources */ = {isa = PBXBuildFile; fileRef = 01DA03F9242DF1CC00509DB3 /* AppDelegate.swift */; };
		01DA03FC242DF1CC00509DB3 /* GameScene.sks in Resources */ = {isa = PBXBuildFile; fileRef = 01DA03FB242DF1CC00509DB3 /* GameScene.sks */; };
		01DA03FE242DF1CC00509DB3 /* Actions.sks in Resources */ = {isa = PBXBuildFile; fileRef = 01DA03FD242DF1CC00509DB3 /* Actions.sks */; };
		01DA0400242DF1CC00509DB3 /* GameScene.swift in Sources */ = {isa = PBXBuildFile; fileRef = 01DA03FF242DF1CC00509DB3 /* GameScene.swift */; };
		01DA0402242DF1CC00509DB3 /* GameViewController.swift in Sources */ = {isa = PBXBuildFile; fileRef = 01DA0401242DF1CC00509DB3 /* GameViewController.swift */; };
		01DA0405242DF1CC00509DB3 /* Main.storyboard in Resources */ = {isa = PBXBuildFile; fileRef = 01DA0403242DF1CC00509DB3 /* Main.storyboard */; };
		01DA0407242DF1CD00509DB3 /* Assets.xcassets in Resources */ = {isa = PBXBuildFile; fileRef = 01DA0406242DF1CD00509DB3 /* Assets.xcassets */; };
		01DA040A242DF1CD00509DB3 /* LaunchScreen.storyboard in Resources */ = {isa = PBXBuildFile; fileRef = 01DA0408242DF1CD00509DB3 /* LaunchScreen.storyboard */; };
		01DA0415242DF1CD00509DB3 /* JFKMahjongTests.swift in Sources */ = {isa = PBXBuildFile; fileRef = 01DA0414242DF1CD00509DB3 /* JFKMahjongTests.swift */; };
		01DA0420242DF1CD00509DB3 /* JFKMahjongUITests.swift in Sources */ = {isa = PBXBuildFile; fileRef = 01DA041F242DF1CD00509DB3 /* JFKMahjongUITests.swift */; };
		01E029D2242DFB7200666B41 /* Alamofire in Frameworks */ = {isa = PBXBuildFile; productRef = 01E029D1242DFB7200666B41 /* Alamofire */; };
/* End PBXBuildFile section */

/* Begin PBXContainerItemProxy section */
		01DA0411242DF1CD00509DB3 /* PBXContainerItemProxy */ = {
			isa = PBXContainerItemProxy;
			containerPortal = 01DA03EE242DF1CC00509DB3 /* Project object */;
			proxyType = 1;
			remoteGlobalIDString = 01DA03F5242DF1CC00509DB3;
			remoteInfo = JFKMahjong;
		};
		01DA041C242DF1CD00509DB3 /* PBXContainerItemProxy */ = {
			isa = PBXContainerItemProxy;
			containerPortal = 01DA03EE242DF1CC00509DB3 /* Project object */;
			proxyType = 1;
			remoteGlobalIDString = 01DA03F5242DF1CC00509DB3;
			remoteInfo = JFKMahjong;
		};
/* End PBXContainerItemProxy section */

/* Begin PBXFileReference section */
		01069747243D95F200874495 /* GameLaunchScene.swift */ = {isa = PBXFileReference; lastKnownFileType = sourcecode.swift; path = GameLaunchScene.swift; sourceTree = "<group>"; };
		0106974A243D989500874495 /* GuanNanMahjongScene.swift */ = {isa = PBXFileReference; lastKnownFileType = sourcecode.swift; path = GuanNanMahjongScene.swift; sourceTree = "<group>"; };
		0106974E243EE73300874495 /* MahjongTile.swift */ = {isa = PBXFileReference; lastKnownFileType = sourcecode.swift; path = MahjongTile.swift; sourceTree = "<group>"; };
		013F048D243F01FC000662A3 /* JKButtonNode.swift */ = {isa = PBXFileReference; lastKnownFileType = sourcecode.swift; path = JKButtonNode.swift; sourceTree = "<group>"; };
		016321032440129B00788C24 /* JKScene.swift */ = {isa = PBXFileReference; lastKnownFileType = sourcecode.swift; path = JKScene.swift; sourceTree = "<group>"; };
		016321052440136700788C24 /* SKView+Extensions.swift */ = {isa = PBXFileReference; lastKnownFileType = sourcecode.swift; path = "SKView+Extensions.swift"; sourceTree = "<group>"; };
		01632107244015D400788C24 /* JKViewController.swift */ = {isa = PBXFileReference; lastKnownFileType = sourcecode.swift; path = JKViewController.swift; sourceTree = "<group>"; };
		01B87627243D918300C56B83 /* GameHallScene.swift */ = {isa = PBXFileReference; lastKnownFileType = sourcecode.swift; path = GameHallScene.swift; sourceTree = "<group>"; };
		01DA03F6242DF1CC00509DB3 /* JFKMahjong.app */ = {isa = PBXFileReference; explicitFileType = wrapper.application; includeInIndex = 0; path = JFKMahjong.app; sourceTree = BUILT_PRODUCTS_DIR; };
		01DA03F9242DF1CC00509DB3 /* AppDelegate.swift */ = {isa = PBXFileReference; lastKnownFileType = sourcecode.swift; path = AppDelegate.swift; sourceTree = "<group>"; };
		01DA03FB242DF1CC00509DB3 /* GameScene.sks */ = {isa = PBXFileReference; lastKnownFileType = file.sks; path = GameScene.sks; sourceTree = "<group>"; };
		01DA03FD242DF1CC00509DB3 /* Actions.sks */ = {isa = PBXFileReference; lastKnownFileType = file.sks; path = Actions.sks; sourceTree = "<group>"; };
		01DA03FF242DF1CC00509DB3 /* GameScene.swift */ = {isa = PBXFileReference; lastKnownFileType = sourcecode.swift; path = GameScene.swift; sourceTree = "<group>"; };
		01DA0401242DF1CC00509DB3 /* GameViewController.swift */ = {isa = PBXFileReference; lastKnownFileType = sourcecode.swift; path = GameViewController.swift; sourceTree = "<group>"; };
		01DA0404242DF1CC00509DB3 /* Base */ = {isa = PBXFileReference; lastKnownFileType = file.storyboard; name = Base; path = Base.lproj/Main.storyboard; sourceTree = "<group>"; };
		01DA0406242DF1CD00509DB3 /* Assets.xcassets */ = {isa = PBXFileReference; lastKnownFileType = folder.assetcatalog; path = Assets.xcassets; sourceTree = "<group>"; };
		01DA0409242DF1CD00509DB3 /* Base */ = {isa = PBXFileReference; lastKnownFileType = file.storyboard; name = Base; path = Base.lproj/LaunchScreen.storyboard; sourceTree = "<group>"; };
		01DA040B242DF1CD00509DB3 /* Info.plist */ = {isa = PBXFileReference; lastKnownFileType = text.plist.xml; path = Info.plist; sourceTree = "<group>"; };
		01DA0410242DF1CD00509DB3 /* JFKMahjongTests.xctest */ = {isa = PBXFileReference; explicitFileType = wrapper.cfbundle; includeInIndex = 0; path = JFKMahjongTests.xctest; sourceTree = BUILT_PRODUCTS_DIR; };
		01DA0414242DF1CD00509DB3 /* JFKMahjongTests.swift */ = {isa = PBXFileReference; lastKnownFileType = sourcecode.swift; path = JFKMahjongTests.swift; sourceTree = "<group>"; };
		01DA0416242DF1CD00509DB3 /* Info.plist */ = {isa = PBXFileReference; lastKnownFileType = text.plist.xml; path = Info.plist; sourceTree = "<group>"; };
		01DA041B242DF1CD00509DB3 /* JFKMahjongUITests.xctest */ = {isa = PBXFileReference; explicitFileType = wrapper.cfbundle; includeInIndex = 0; path = JFKMahjongUITests.xctest; sourceTree = BUILT_PRODUCTS_DIR; };
		01DA041F242DF1CD00509DB3 /* JFKMahjongUITests.swift */ = {isa = PBXFileReference; lastKnownFileType = sourcecode.swift; path = JFKMahjongUITests.swift; sourceTree = "<group>"; };
		01DA0421242DF1CD00509DB3 /* Info.plist */ = {isa = PBXFileReference; lastKnownFileType = text.plist.xml; path = Info.plist; sourceTree = "<group>"; };
		01E029CF242DF5E500666B41 /* JFKMahjong.entitlements */ = {isa = PBXFileReference; lastKnownFileType = text.plist.entitlements; path = JFKMahjong.entitlements; sourceTree = "<group>"; };
/* End PBXFileReference section */

/* Begin PBXFrameworksBuildPhase section */
		01DA03F3242DF1CC00509DB3 /* Frameworks */ = {
			isa = PBXFrameworksBuildPhase;
			buildActionMask = 2147483647;
			files = (
				01E029D2242DFB7200666B41 /* Alamofire in Frameworks */,
			);
			runOnlyForDeploymentPostprocessing = 0;
		};
		01DA040D242DF1CD00509DB3 /* Frameworks */ = {
			isa = PBXFrameworksBuildPhase;
			buildActionMask = 2147483647;
			files = (
			);
			runOnlyForDeploymentPostprocessing = 0;
		};
		01DA0418242DF1CD00509DB3 /* Frameworks */ = {
			isa = PBXFrameworksBuildPhase;
			buildActionMask = 2147483647;
			files = (
			);
			runOnlyForDeploymentPostprocessing = 0;
		};
/* End PBXFrameworksBuildPhase section */

/* Begin PBXGroup section */
		01069742243D958900874495 /* GameLaunchScene */ = {
			isa = PBXGroup;
			children = (
				01069747243D95F200874495 /* GameLaunchScene.swift */,
			);
			path = GameLaunchScene;
			sourceTree = "<group>";
		};
		01069749243D983700874495 /* GuanNanMahjongScene */ = {
			isa = PBXGroup;
			children = (
				0106974A243D989500874495 /* GuanNanMahjongScene.swift */,
			);
			path = GuanNanMahjongScene;
			sourceTree = "<group>";
		};
		0163210924401AC700788C24 /* Base */ = {
			isa = PBXGroup;
			children = (
				01632107244015D400788C24 /* JKViewController.swift */,
				0106974E243EE73300874495 /* MahjongTile.swift */,
				013F048D243F01FC000662A3 /* JKButtonNode.swift */,
				016321032440129B00788C24 /* JKScene.swift */,
				016321052440136700788C24 /* SKView+Extensions.swift */,
			);
			path = Base;
			sourceTree = "<group>";
		};
		01B87629243D919500C56B83 /* GameHallScene */ = {
			isa = PBXGroup;
			children = (
				01B87627243D918300C56B83 /* GameHallScene.swift */,
			);
			path = GameHallScene;
			sourceTree = "<group>";
		};
		01DA03ED242DF1CC00509DB3 = {
			isa = PBXGroup;
			children = (
				01DA03F8242DF1CC00509DB3 /* JFKMahjong */,
				01DA0413242DF1CD00509DB3 /* JFKMahjongTests */,
				01DA041E242DF1CD00509DB3 /* JFKMahjongUITests */,
				01DA03F7242DF1CC00509DB3 /* Products */,
			);
			sourceTree = "<group>";
		};
		01DA03F7242DF1CC00509DB3 /* Products */ = {
			isa = PBXGroup;
			children = (
				01DA03F6242DF1CC00509DB3 /* JFKMahjong.app */,
				01DA0410242DF1CD00509DB3 /* JFKMahjongTests.xctest */,
				01DA041B242DF1CD00509DB3 /* JFKMahjongUITests.xctest */,
			);
			name = Products;
			sourceTree = "<group>";
		};
		01DA03F8242DF1CC00509DB3 /* JFKMahjong */ = {
			isa = PBXGroup;
			children = (
				01E029CF242DF5E500666B41 /* JFKMahjong.entitlements */,
				01DA03F9242DF1CC00509DB3 /* AppDelegate.swift */,
				01DA03FB242DF1CC00509DB3 /* GameScene.sks */,
				01DA03FD242DF1CC00509DB3 /* Actions.sks */,
				01DA03FF242DF1CC00509DB3 /* GameScene.swift */,
				01DA0401242DF1CC00509DB3 /* GameViewController.swift */,
				0163210924401AC700788C24 /* Base */,
				01069742243D958900874495 /* GameLaunchScene */,
				01B87629243D919500C56B83 /* GameHallScene */,
				01069749243D983700874495 /* GuanNanMahjongScene */,
				01DA0403242DF1CC00509DB3 /* Main.storyboard */,
				01DA0406242DF1CD00509DB3 /* Assets.xcassets */,
				01DA0408242DF1CD00509DB3 /* LaunchScreen.storyboard */,
				01DA040B242DF1CD00509DB3 /* Info.plist */,
			);
			path = JFKMahjong;
			sourceTree = "<group>";
		};
		01DA0413242DF1CD00509DB3 /* JFKMahjongTests */ = {
			isa = PBXGroup;
			children = (
				01DA0414242DF1CD00509DB3 /* JFKMahjongTests.swift */,
				01DA0416242DF1CD00509DB3 /* Info.plist */,
			);
			path = JFKMahjongTests;
			sourceTree = "<group>";
		};
		01DA041E242DF1CD00509DB3 /* JFKMahjongUITests */ = {
			isa = PBXGroup;
			children = (
				01DA041F242DF1CD00509DB3 /* JFKMahjongUITests.swift */,
				01DA0421242DF1CD00509DB3 /* Info.plist */,
			);
			path = JFKMahjongUITests;
			sourceTree = "<group>";
		};
/* End PBXGroup section */

/* Begin PBXNativeTarget section */
		01DA03F5242DF1CC00509DB3 /* JFKMahjong */ = {
			isa = PBXNativeTarget;
			buildConfigurationList = 01DA0424242DF1CD00509DB3 /* Build configuration list for PBXNativeTarget "JFKMahjong" */;
			buildPhases = (
				01DA03F2242DF1CC00509DB3 /* Sources */,
				01DA03F3242DF1CC00509DB3 /* Frameworks */,
				01DA03F4242DF1CC00509DB3 /* Resources */,
			);
			buildRules = (
			);
			dependencies = (
			);
			name = JFKMahjong;
			packageProductDependencies = (
				01E029D1242DFB7200666B41 /* Alamofire */,
			);
			productName = JFKMahjong;
			productReference = 01DA03F6242DF1CC00509DB3 /* JFKMahjong.app */;
			productType = "com.apple.product-type.application";
		};
		01DA040F242DF1CD00509DB3 /* JFKMahjongTests */ = {
			isa = PBXNativeTarget;
			buildConfigurationList = 01DA0427242DF1CD00509DB3 /* Build configuration list for PBXNativeTarget "JFKMahjongTests" */;
			buildPhases = (
				01DA040C242DF1CD00509DB3 /* Sources */,
				01DA040D242DF1CD00509DB3 /* Frameworks */,
				01DA040E242DF1CD00509DB3 /* Resources */,
			);
			buildRules = (
			);
			dependencies = (
				01DA0412242DF1CD00509DB3 /* PBXTargetDependency */,
			);
			name = JFKMahjongTests;
			productName = JFKMahjongTests;
			productReference = 01DA0410242DF1CD00509DB3 /* JFKMahjongTests.xctest */;
			productType = "com.apple.product-type.bundle.unit-test";
		};
		01DA041A242DF1CD00509DB3 /* JFKMahjongUITests */ = {
			isa = PBXNativeTarget;
			buildConfigurationList = 01DA042A242DF1CD00509DB3 /* Build configuration list for PBXNativeTarget "JFKMahjongUITests" */;
			buildPhases = (
				01DA0417242DF1CD00509DB3 /* Sources */,
				01DA0418242DF1CD00509DB3 /* Frameworks */,
				01DA0419242DF1CD00509DB3 /* Resources */,
			);
			buildRules = (
			);
			dependencies = (
				01DA041D242DF1CD00509DB3 /* PBXTargetDependency */,
			);
			name = JFKMahjongUITests;
			productName = JFKMahjongUITests;
			productReference = 01DA041B242DF1CD00509DB3 /* JFKMahjongUITests.xctest */;
			productType = "com.apple.product-type.bundle.ui-testing";
		};
/* End PBXNativeTarget section */

/* Begin PBXProject section */
		01DA03EE242DF1CC00509DB3 /* Project object */ = {
			isa = PBXProject;
			attributes = {
				LastSwiftUpdateCheck = 1140;
				LastUpgradeCheck = 1140;
				ORGANIZATIONNAME = qianmeitech;
				TargetAttributes = {
					01DA03F5242DF1CC00509DB3 = {
						CreatedOnToolsVersion = 11.4;
					};
					01DA040F242DF1CD00509DB3 = {
						CreatedOnToolsVersion = 11.4;
						TestTargetID = 01DA03F5242DF1CC00509DB3;
					};
					01DA041A242DF1CD00509DB3 = {
						CreatedOnToolsVersion = 11.4;
						TestTargetID = 01DA03F5242DF1CC00509DB3;
					};
				};
			};
			buildConfigurationList = 01DA03F1242DF1CC00509DB3 /* Build configuration list for PBXProject "JFKMahjong" */;
			compatibilityVersion = "Xcode 9.3";
			developmentRegion = en;
			hasScannedForEncodings = 0;
			knownRegions = (
				en,
				Base,
			);
			mainGroup = 01DA03ED242DF1CC00509DB3;
			packageReferences = (
				01E029D0242DFB7200666B41 /* XCRemoteSwiftPackageReference "Alamofire" */,
			);
			productRefGroup = 01DA03F7242DF1CC00509DB3 /* Products */;
			projectDirPath = "";
			projectRoot = "";
			targets = (
				01DA03F5242DF1CC00509DB3 /* JFKMahjong */,
				01DA040F242DF1CD00509DB3 /* JFKMahjongTests */,
				01DA041A242DF1CD00509DB3 /* JFKMahjongUITests */,
			);
		};
/* End PBXProject section */

/* Begin PBXResourcesBuildPhase section */
		01DA03F4242DF1CC00509DB3 /* Resources */ = {
			isa = PBXResourcesBuildPhase;
			buildActionMask = 2147483647;
			files = (
				01DA0405242DF1CC00509DB3 /* Main.storyboard in Resources */,
				01DA03FC242DF1CC00509DB3 /* GameScene.sks in Resources */,
				01DA0407242DF1CD00509DB3 /* Assets.xcassets in Resources */,
				01DA040A242DF1CD00509DB3 /* LaunchScreen.storyboard in Resources */,
				01DA03FE242DF1CC00509DB3 /* Actions.sks in Resources */,
			);
			runOnlyForDeploymentPostprocessing = 0;
		};
		01DA040E242DF1CD00509DB3 /* Resources */ = {
			isa = PBXResourcesBuildPhase;
			buildActionMask = 2147483647;
			files = (
			);
			runOnlyForDeploymentPostprocessing = 0;
		};
		01DA0419242DF1CD00509DB3 /* Resources */ = {
			isa = PBXResourcesBuildPhase;
			buildActionMask = 2147483647;
			files = (
			);
			runOnlyForDeploymentPostprocessing = 0;
		};
/* End PBXResourcesBuildPhase section */

/* Begin PBXSourcesBuildPhase section */
		01DA03F2242DF1CC00509DB3 /* Sources */ = {
			isa = PBXSourcesBuildPhase;
			buildActionMask = 2147483647;
			files = (
				01DA0400242DF1CC00509DB3 /* GameScene.swift in Sources */,
				01DA0402242DF1CC00509DB3 /* GameViewController.swift in Sources */,
				016321062440136700788C24 /* SKView+Extensions.swift in Sources */,
				016321042440129B00788C24 /* JKScene.swift in Sources */,
				0106974B243D989500874495 /* GuanNanMahjongScene.swift in Sources */,
				01DA03FA242DF1CC00509DB3 /* AppDelegate.swift in Sources */,
				013F048E243F01FC000662A3 /* JKButtonNode.swift in Sources */,
				0106974F243EE73300874495 /* MahjongTile.swift in Sources */,
				01B87628243D918300C56B83 /* GameHallScene.swift in Sources */,
				01069748243D95F200874495 /* GameLaunchScene.swift in Sources */,
				01632108244015D400788C24 /* JKViewController.swift in Sources */,
			);
			runOnlyForDeploymentPostprocessing = 0;
		};
		01DA040C242DF1CD00509DB3 /* Sources */ = {
			isa = PBXSourcesBuildPhase;
			buildActionMask = 2147483647;
			files = (
				01DA0415242DF1CD00509DB3 /* JFKMahjongTests.swift in Sources */,
			);
			runOnlyForDeploymentPostprocessing = 0;
		};
		01DA0417242DF1CD00509DB3 /* Sources */ = {
			isa = PBXSourcesBuildPhase;
			buildActionMask = 2147483647;
			files = (
				01DA0420242DF1CD00509DB3 /* JFKMahjongUITests.swift in Sources */,
			);
			runOnlyForDeploymentPostprocessing = 0;
		};
/* End PBXSourcesBuildPhase section */

/* Begin PBXTargetDependency section */
		01DA0412242DF1CD00509DB3 /* PBXTargetDependency */ = {
			isa = PBXTargetDependency;
			target = 01DA03F5242DF1CC00509DB3 /* JFKMahjong */;
			targetProxy = 01DA0411242DF1CD00509DB3 /* PBXContainerItemProxy */;
		};
		01DA041D242DF1CD00509DB3 /* PBXTargetDependency */ = {
			isa = PBXTargetDependency;
			target = 01DA03F5242DF1CC00509DB3 /* JFKMahjong */;
			targetProxy = 01DA041C242DF1CD00509DB3 /* PBXContainerItemProxy */;
		};
/* End PBXTargetDependency section */

/* Begin PBXVariantGroup section */
		01DA0403242DF1CC00509DB3 /* Main.storyboard */ = {
			isa = PBXVariantGroup;
			children = (
				01DA0404242DF1CC00509DB3 /* Base */,
			);
			name = Main.storyboard;
			sourceTree = "<group>";
		};
		01DA0408242DF1CD00509DB3 /* LaunchScreen.storyboard */ = {
			isa = PBXVariantGroup;
			children = (
				01DA0409242DF1CD00509DB3 /* Base */,
			);
			name = LaunchScreen.storyboard;
			sourceTree = "<group>";
		};
/* End PBXVariantGroup section */

/* Begin XCBuildConfiguration section */
		01DA0422242DF1CD00509DB3 /* Debug */ = {
			isa = XCBuildConfiguration;
			buildSettings = {
				ALWAYS_SEARCH_USER_PATHS = NO;
				CLANG_ANALYZER_NONNULL = YES;
				CLANG_ANALYZER_NUMBER_OBJECT_CONVERSION = YES_AGGRESSIVE;
				CLANG_CXX_LANGUAGE_STANDARD = "gnu++14";
				CLANG_CXX_LIBRARY = "libc++";
				CLANG_ENABLE_MODULES = YES;
				CLANG_ENABLE_OBJC_ARC = YES;
				CLANG_ENABLE_OBJC_WEAK = YES;
				CLANG_WARN_BLOCK_CAPTURE_AUTORELEASING = YES;
				CLANG_WARN_BOOL_CONVERSION = YES;
				CLANG_WARN_COMMA = YES;
				CLANG_WARN_CONSTANT_CONVERSION = YES;
				CLANG_WARN_DEPRECATED_OBJC_IMPLEMENTATIONS = YES;
				CLANG_WARN_DIRECT_OBJC_ISA_USAGE = YES_ERROR;
				CLANG_WARN_DOCUMENTATION_COMMENTS = YES;
				CLANG_WARN_EMPTY_BODY = YES;
				CLANG_WARN_ENUM_CONVERSION = YES;
				CLANG_WARN_INFINITE_RECURSION = YES;
				CLANG_WARN_INT_CONVERSION = YES;
				CLANG_WARN_NON_LITERAL_NULL_CONVERSION = YES;
				CLANG_WARN_OBJC_IMPLICIT_RETAIN_SELF = YES;
				CLANG_WARN_OBJC_LITERAL_CONVERSION = YES;
				CLANG_WARN_OBJC_ROOT_CLASS = YES_ERROR;
				CLANG_WARN_RANGE_LOOP_ANALYSIS = YES;
				CLANG_WARN_STRICT_PROTOTYPES = YES;
				CLANG_WARN_SUSPICIOUS_MOVE = YES;
				CLANG_WARN_UNGUARDED_AVAILABILITY = YES_AGGRESSIVE;
				CLANG_WARN_UNREACHABLE_CODE = YES;
				CLANG_WARN__DUPLICATE_METHOD_MATCH = YES;
				COPY_PHASE_STRIP = NO;
				DEBUG_INFORMATION_FORMAT = dwarf;
				ENABLE_STRICT_OBJC_MSGSEND = YES;
				ENABLE_TESTABILITY = YES;
				GCC_C_LANGUAGE_STANDARD = gnu11;
				GCC_DYNAMIC_NO_PIC = NO;
				GCC_NO_COMMON_BLOCKS = YES;
				GCC_OPTIMIZATION_LEVEL = 0;
				GCC_PREPROCESSOR_DEFINITIONS = (
					"DEBUG=1",
					"$(inherited)",
				);
				GCC_WARN_64_TO_32_BIT_CONVERSION = YES;
				GCC_WARN_ABOUT_RETURN_TYPE = YES_ERROR;
				GCC_WARN_UNDECLARED_SELECTOR = YES;
				GCC_WARN_UNINITIALIZED_AUTOS = YES_AGGRESSIVE;
				GCC_WARN_UNUSED_FUNCTION = YES;
				GCC_WARN_UNUSED_VARIABLE = YES;
				IPHONEOS_DEPLOYMENT_TARGET = 13.4;
				MTL_ENABLE_DEBUG_INFO = INCLUDE_SOURCE;
				MTL_FAST_MATH = YES;
				ONLY_ACTIVE_ARCH = YES;
				SDKROOT = iphoneos;
				SWIFT_ACTIVE_COMPILATION_CONDITIONS = DEBUG;
				SWIFT_OPTIMIZATION_LEVEL = "-Onone";
			};
			name = Debug;
		};
		01DA0423242DF1CD00509DB3 /* Release */ = {
			isa = XCBuildConfiguration;
			buildSettings = {
				ALWAYS_SEARCH_USER_PATHS = NO;
				CLANG_ANALYZER_NONNULL = YES;
				CLANG_ANALYZER_NUMBER_OBJECT_CONVERSION = YES_AGGRESSIVE;
				CLANG_CXX_LANGUAGE_STANDARD = "gnu++14";
				CLANG_CXX_LIBRARY = "libc++";
				CLANG_ENABLE_MODULES = YES;
				CLANG_ENABLE_OBJC_ARC = YES;
				CLANG_ENABLE_OBJC_WEAK = YES;
				CLANG_WARN_BLOCK_CAPTURE_AUTORELEASING = YES;
				CLANG_WARN_BOOL_CONVERSION = YES;
				CLANG_WARN_COMMA = YES;
				CLANG_WARN_CONSTANT_CONVERSION = YES;
				CLANG_WARN_DEPRECATED_OBJC_IMPLEMENTATIONS = YES;
				CLANG_WARN_DIRECT_OBJC_ISA_USAGE = YES_ERROR;
				CLANG_WARN_DOCUMENTATION_COMMENTS = YES;
				CLANG_WARN_EMPTY_BODY = YES;
				CLANG_WARN_ENUM_CONVERSION = YES;
				CLANG_WARN_INFINITE_RECURSION = YES;
				CLANG_WARN_INT_CONVERSION = YES;
				CLANG_WARN_NON_LITERAL_NULL_CONVERSION = YES;
				CLANG_WARN_OBJC_IMPLICIT_RETAIN_SELF = YES;
				CLANG_WARN_OBJC_LITERAL_CONVERSION = YES;
				CLANG_WARN_OBJC_ROOT_CLASS = YES_ERROR;
				CLANG_WARN_RANGE_LOOP_ANALYSIS = YES;
				CLANG_WARN_STRICT_PROTOTYPES = YES;
				CLANG_WARN_SUSPICIOUS_MOVE = YES;
				CLANG_WARN_UNGUARDED_AVAILABILITY = YES_AGGRESSIVE;
				CLANG_WARN_UNREACHABLE_CODE = YES;
				CLANG_WARN__DUPLICATE_METHOD_MATCH = YES;
				COPY_PHASE_STRIP = NO;
				DEBUG_INFORMATION_FORMAT = "dwarf-with-dsym";
				ENABLE_NS_ASSERTIONS = NO;
				ENABLE_STRICT_OBJC_MSGSEND = YES;
				GCC_C_LANGUAGE_STANDARD = gnu11;
				GCC_NO_COMMON_BLOCKS = YES;
				GCC_WARN_64_TO_32_BIT_CONVERSION = YES;
				GCC_WARN_ABOUT_RETURN_TYPE = YES_ERROR;
				GCC_WARN_UNDECLARED_SELECTOR = YES;
				GCC_WARN_UNINITIALIZED_AUTOS = YES_AGGRESSIVE;
				GCC_WARN_UNUSED_FUNCTION = YES;
				GCC_WARN_UNUSED_VARIABLE = YES;
				IPHONEOS_DEPLOYMENT_TARGET = 13.4;
				MTL_ENABLE_DEBUG_INFO = NO;
				MTL_FAST_MATH = YES;
				SDKROOT = iphoneos;
				SWIFT_COMPILATION_MODE = wholemodule;
				SWIFT_OPTIMIZATION_LEVEL = "-O";
				VALIDATE_PRODUCT = YES;
			};
			name = Release;
		};
		01DA0425242DF1CD00509DB3 /* Debug */ = {
			isa = XCBuildConfiguration;
			buildSettings = {
				ASSETCATALOG_COMPILER_APPICON_NAME = AppIcon;
				CODE_SIGN_ENTITLEMENTS = JFKMahjong/JFKMahjong.entitlements;
				CODE_SIGN_STYLE = Automatic;
				DEVELOPMENT_TEAM = X93TV8Q2X5;
				INFOPLIST_FILE = JFKMahjong/Info.plist;
				LD_RUNPATH_SEARCH_PATHS = (
					"$(inherited)",
					"@executable_path/Frameworks",
				);
				PRODUCT_BUNDLE_IDENTIFIER = com.qianmeitech.JFKMahjong;
				PRODUCT_NAME = "$(TARGET_NAME)";
				SUPPORTS_MACCATALYST = YES;
				SWIFT_VERSION = 5.0;
				TARGETED_DEVICE_FAMILY = "1,2";
			};
			name = Debug;
		};
		01DA0426242DF1CD00509DB3 /* Release */ = {
			isa = XCBuildConfiguration;
			buildSettings = {
				ASSETCATALOG_COMPILER_APPICON_NAME = AppIcon;
				CODE_SIGN_ENTITLEMENTS = JFKMahjong/JFKMahjong.entitlements;
				CODE_SIGN_STYLE = Automatic;
				DEVELOPMENT_TEAM = X93TV8Q2X5;
				INFOPLIST_FILE = JFKMahjong/Info.plist;
				LD_RUNPATH_SEARCH_PATHS = (
					"$(inherited)",
					"@executable_path/Frameworks",
				);
				PRODUCT_BUNDLE_IDENTIFIER = com.qianmeitech.JFKMahjong;
				PRODUCT_NAME = "$(TARGET_NAME)";
				SUPPORTS_MACCATALYST = YES;
				SWIFT_VERSION = 5.0;
				TARGETED_DEVICE_FAMILY = "1,2";
			};
			name = Release;
		};
		01DA0428242DF1CD00509DB3 /* Debug */ = {
			isa = XCBuildConfiguration;
			buildSettings = {
				ALWAYS_EMBED_SWIFT_STANDARD_LIBRARIES = YES;
				BUNDLE_LOADER = "$(TEST_HOST)";
				CODE_SIGN_STYLE = Automatic;
				DEVELOPMENT_TEAM = X93TV8Q2X5;
				INFOPLIST_FILE = JFKMahjongTests/Info.plist;
				IPHONEOS_DEPLOYMENT_TARGET = 13.4;
				LD_RUNPATH_SEARCH_PATHS = (
					"$(inherited)",
					"@executable_path/Frameworks",
					"@loader_path/Frameworks",
				);
				PRODUCT_BUNDLE_IDENTIFIER = com.qianmeitech.JFKMahjongTests;
				PRODUCT_NAME = "$(TARGET_NAME)";
				SWIFT_VERSION = 5.0;
				TARGETED_DEVICE_FAMILY = "1,2";
				TEST_HOST = "$(BUILT_PRODUCTS_DIR)/JFKMahjong.app/JFKMahjong";
			};
			name = Debug;
		};
		01DA0429242DF1CD00509DB3 /* Release */ = {
			isa = XCBuildConfiguration;
			buildSettings = {
				ALWAYS_EMBED_SWIFT_STANDARD_LIBRARIES = YES;
				BUNDLE_LOADER = "$(TEST_HOST)";
				CODE_SIGN_STYLE = Automatic;
				DEVELOPMENT_TEAM = X93TV8Q2X5;
				INFOPLIST_FILE = JFKMahjongTests/Info.plist;
				IPHONEOS_DEPLOYMENT_TARGET = 13.4;
				LD_RUNPATH_SEARCH_PATHS = (
					"$(inherited)",
					"@executable_path/Frameworks",
					"@loader_path/Frameworks",
				);
				PRODUCT_BUNDLE_IDENTIFIER = com.qianmeitech.JFKMahjongTests;
				PRODUCT_NAME = "$(TARGET_NAME)";
				SWIFT_VERSION = 5.0;
				TARGETED_DEVICE_FAMILY = "1,2";
				TEST_HOST = "$(BUILT_PRODUCTS_DIR)/JFKMahjong.app/JFKMahjong";
			};
			name = Release;
		};
		01DA042B242DF1CD00509DB3 /* Debug */ = {
			isa = XCBuildConfiguration;
			buildSettings = {
				ALWAYS_EMBED_SWIFT_STANDARD_LIBRARIES = YES;
				CODE_SIGN_STYLE = Automatic;
				DEVELOPMENT_TEAM = X93TV8Q2X5;
				INFOPLIST_FILE = JFKMahjongUITests/Info.plist;
				LD_RUNPATH_SEARCH_PATHS = (
					"$(inherited)",
					"@executable_path/Frameworks",
					"@loader_path/Frameworks",
				);
				PRODUCT_BUNDLE_IDENTIFIER = com.qianmeitech.JFKMahjongUITests;
				PRODUCT_NAME = "$(TARGET_NAME)";
				SWIFT_VERSION = 5.0;
				TARGETED_DEVICE_FAMILY = "1,2";
				TEST_TARGET_NAME = JFKMahjong;
			};
			name = Debug;
		};
		01DA042C242DF1CD00509DB3 /* Release */ = {
			isa = XCBuildConfiguration;
			buildSettings = {
				ALWAYS_EMBED_SWIFT_STANDARD_LIBRARIES = YES;
				CODE_SIGN_STYLE = Automatic;
				DEVELOPMENT_TEAM = X93TV8Q2X5;
				INFOPLIST_FILE = JFKMahjongUITests/Info.plist;
				LD_RUNPATH_SEARCH_PATHS = (
					"$(inherited)",
					"@executable_path/Frameworks",
					"@loader_path/Frameworks",
				);
				PRODUCT_BUNDLE_IDENTIFIER = com.qianmeitech.JFKMahjongUITests;
				PRODUCT_NAME = "$(TARGET_NAME)";
				SWIFT_VERSION = 5.0;
				TARGETED_DEVICE_FAMILY = "1,2";
				TEST_TARGET_NAME = JFKMahjong;
			};
			name = Release;
		};
/* End XCBuildConfiguration section */

/* Begin XCConfigurationList section */
		01DA03F1242DF1CC00509DB3 /* Build configuration list for PBXProject "JFKMahjong" */ = {
			isa = XCConfigurationList;
			buildConfigurations = (
				01DA0422242DF1CD00509DB3 /* Debug */,
				01DA0423242DF1CD00509DB3 /* Release */,
			);
			defaultConfigurationIsVisible = 0;
			defaultConfigurationName = Release;
		};
		01DA0424242DF1CD00509DB3 /* Build configuration list for PBXNativeTarget "JFKMahjong" */ = {
			isa = XCConfigurationList;
			buildConfigurations = (
				01DA0425242DF1CD00509DB3 /* Debug */,
				01DA0426242DF1CD00509DB3 /* Release */,
			);
			defaultConfigurationIsVisible = 0;
			defaultConfigurationName = Release;
		};
		01DA0427242DF1CD00509DB3 /* Build configuration list for PBXNativeTarget "JFKMahjongTests" */ = {
			isa = XCConfigurationList;
			buildConfigurations = (
				01DA0428242DF1CD00509DB3 /* Debug */,
				01DA0429242DF1CD00509DB3 /* Release */,
			);
			defaultConfigurationIsVisible = 0;
			defaultConfigurationName = Release;
		};
		01DA042A242DF1CD00509DB3 /* Build configuration list for PBXNativeTarget "JFKMahjongUITests" */ = {
			isa = XCConfigurationList;
			buildConfigurations = (
				01DA042B242DF1CD00509DB3 /* Debug */,
				01DA042C242DF1CD00509DB3 /* Release */,
			);
			defaultConfigurationIsVisible = 0;
			defaultConfigurationName = Release;
		};
/* End XCConfigurationList section */

/* Begin XCRemoteSwiftPackageReference section */
		01E029D0242DFB7200666B41 /* XCRemoteSwiftPackageReference "Alamofire" */ = {
			isa = XCRemoteSwiftPackageReference;
			repositoryURL = "https://github.com/Alamofire/Alamofire";
			requirement = {
				kind = upToNextMajorVersion;
				minimumVersion = 5.0.5;
			};
		};
/* End XCRemoteSwiftPackageReference section */

/* Begin XCSwiftPackageProductDependency section */
		01E029D1242DFB7200666B41 /* Alamofire */ = {
			isa = XCSwiftPackageProductDependency;
			package = 01E029D0242DFB7200666B41 /* XCRemoteSwiftPackageReference "Alamofire" */;
			productName = Alamofire;
		};
/* End XCSwiftPackageProductDependency section */
	};
	rootObject = 01DA03EE242DF1CC00509DB3 /* Project object */;
}
